
Microsoft Visual Studio Solution File, Format Version 12.00
# Visual Studio Version 17
VisualStudioVersion = 17.9.34723.18
MinimumVisualStudioVersion = 10.0.40219.1
Project("{9A19103F-16F7-4668-BE54-9A1E7A4F7556}") = "Exercicio6", "Lista - Array e Matriz\Exercicio6.csproj", "{48A64412-7453-4D17-B02E-3F9201737F40}"
EndProject
Project("{9A19103F-16F7-4668-BE54-9A1E7A4F7556}") = "Exercicio1", "Exercicio1\Exercicio1.csproj", "{D6B61A48-F3FB-4456-8458-F22ADEF4BFCD}"
EndProject
Project("{9A19103F-16F7-4668-BE54-9A1E7A4F7556}") = "Exercicio2", "Exercicio2\Exercicio2.csproj", "{0AA91CB9-6A95-4FBE-8C92-2E10B49A13D7}"
EndProject
Project("{9A19103F-16F7-4668-BE54-9A1E7A4F7556}") = "Exercicio3", "ConsoleApp1\Exercicio3.csproj", "{4C7BB4DF-CF28-4F6B-9D2D-816280F603D2}"
EndProject
Project("{9A19103F-16F7-4668-BE54-9A1E7A4F7556}") = "Exercicio4", "Exercicio4\Exercicio4.csproj", "{68419220-52A1-4637-860A-D69C1C2DA153}"
EndProject
Project("{9A19103F-16F7-4668-BE54-9A1E7A4F7556}") = "Exercicio5", "Exercicio5\Exercicio5.csproj", "{104FA1E5-E20A-49A2-8444-DC4020C8CF6C}"
EndProject
Project("{9A19103F-16F7-4668-BE54-9A1E7A4F7556}") = "Exercicio7", "Exercicio7\Exercicio7.csproj", "{2F930A24-B7E9-46E7-8752-5B71A4636A6B}"
EndProject
Project("{9A19103F-16F7-4668-BE54-9A1E7A4F7556}") = "Exercicio8", "Exercicio8\Exercicio8.csproj", "{49F71ED0-C590-4A63-97BC-18A6B4B3968E}"
EndProject
Project("{9A19103F-16F7-4668-BE54-9A1E7A4F7556}") = "Exercicio9", "Exercicio9\Exercicio9.csproj", "{556BD30C-6D6F-4E2B-96AE-13E03E32698C}"
EndProject
Project("{9A19103F-16F7-4668-BE54-9A1E7A4F7556}") = "Exercicio10", "Exercicio10\Exercicio10.csproj", "{4FC06287-1498-445A-A738-66F8765AB956}"
EndProject
Project("{9A19103F-16F7-4668-BE54-9A1E7A4F7556}") = "Exercicio11", "Exercicio11\Exercicio11.csproj", "{D61A5664-A324-4CCE-A9AC-A863BB76D84A}"
EndProject
Project("{9A19103F-16F7-4668-BE54-9A1E7A4F7556}") = "Exercicio12", "Exercicio12\Exercicio12.csproj", "{65CA767D-957D-4A9C-A897-4A0073A16119}"
EndProject
Project("{9A19103F-16F7-4668-BE54-9A1E7A4F7556}") = "Exercicio13", "Exercicio13\Exercicio13.csproj", "{AF01C047-B5DD-4684-A4EB-769CE709F50A}"
EndProject
Project("{9A19103F-16F7-4668-BE54-9A1E7A4F7556}") = "Exercicio14", "Exercicio14\Exercicio14.csproj", "{A5D0E3D3-0188-40B9-AC3D-357BE898852A}"
EndProject
Project("{9A19103F-16F7-4668-BE54-9A1E7A4F7556}") = "Exercicio15", "Exercicio15\Exercicio15.csproj", "{8ED06C7D-8E82-4805-AE3F-3B257E94D209}"
EndProject
Project("{9A19103F-16F7-4668-BE54-9A1E7A4F7556}") = "Exercicio16", "Exercicio16\Exercicio16.csproj", "{4A929915-A66D-4931-B15A-3B1B175535AF}"
EndProject
Project("{9A19103F-16F7-4668-BE54-9A1E7A4F7556}") = "Exercicio17", "Exercicio17\Exercicio17.csproj", "{44858256-E995-4A51-BB3E-891153FBF2F1}"
EndProject
Project("{9A19103F-16F7-4668-BE54-9A1E7A4F7556}") = "Exercicio18", "Exercicio18\Exercicio18.csproj", "{342D1672-DB76-41BA-BF1D-15C54CC2202B}"
EndProject
Project("{9A19103F-16F7-4668-BE54-9A1E7A4F7556}") = "Exercicio19", "Exercicio19\Exercicio19.csproj", "{8F08F90F-4758-49D6-BA7B-58CC633503D1}"
EndProject
Project("{9A19103F-16F7-4668-BE54-9A1E7A4F7556}") = "Exercicio20", "Exercicio20\Exercicio20.csproj", "{8AC0F81C-F2A9-4227-B836-CEB803A04CF6}"
EndProject
Project("{9A19103F-16F7-4668-BE54-9A1E7A4F7556}") = "Exercicio21", "Exercicio21\Exercicio21.csproj", "{61CABDE6-C6B6-4406-A337-1130718D467A}"
EndProject
Project("{9A19103F-16F7-4668-BE54-9A1E7A4F7556}") = "Exercicio22", "Exercicio22\Exercicio22.csproj", "{B1EC9738-D456-4D9B-95B8-2D1B830F3E23}"
EndProject
Project("{FAE04EC0-301F-11D3-BF4B-00C04F79EFBC}") = "Exercicio23", "Exercicio23\Exercicio23.csproj", "{9DF13121-BF6C-43DD-8139-8FA12C19B94E}"
EndProject
Project("{FAE04EC0-301F-11D3-BF4B-00C04F79EFBC}") = "Exercicio24", "Exercicio24\Exercicio24.csproj", "{802547A2-ADBF-4E4E-9AEB-6A470700637F}"
EndProject
Project("{FAE04EC0-301F-11D3-BF4B-00C04F79EFBC}") = "Exercicio25", "Exercicio25\Exercicio25.csproj", "{D518A227-14D8-4FDA-B472-47A8292238B3}"
EndProject
Project("{FAE04EC0-301F-11D3-BF4B-00C04F79EFBC}") = "Exercicio26", "Exercicio26\Exercicio26.csproj", "{834504CA-79D1-480A-9ADE-82CFAC905FEA}"
EndProject
Project("{FAE04EC0-301F-11D3-BF4B-00C04F79EFBC}") = "Exercicio27", "Exercicio27\Exercicio27.csproj", "{72263FBF-76DE-4E6C-90EC-16E09512A3A6}"
EndProject
Project("{FAE04EC0-301F-11D3-BF4B-00C04F79EFBC}") = "Exercicio28", "Exercicio28\Exercicio28.csproj", "{ACB986CA-02AD-41B4-876F-F9239F762292}"
EndProject
Project("{FAE04EC0-301F-11D3-BF4B-00C04F79EFBC}") = "Exercicio29", "Exercicio29\Exercicio29.csproj", "{94228F5C-9BD1-4839-AAEF-E284FC5F09EA}"
EndProject
Project("{FAE04EC0-301F-11D3-BF4B-00C04F79EFBC}") = "Exercicio30", "Exercicio30\Exercicio30.csproj", "{75699051-8C58-49A5-A91F-7AF8D80FC446}"
EndProject
Project("{FAE04EC0-301F-11D3-BF4B-00C04F79EFBC}") = "Exercicio31", "Exercicio31\Exercicio31.csproj", "{D3FDC432-804C-4B06-A0E0-D43ED7C337A3}"
EndProject
Project("{FAE04EC0-301F-11D3-BF4B-00C04F79EFBC}") = "Exercicio32", "Exercicio32\Exercicio32.csproj", "{E59D1151-620B-4FC0-99B4-C66861BA5329}"
EndProject
Project("{FAE04EC0-301F-11D3-BF4B-00C04F79EFBC}") = "Exercicio33", "Exercicio33\Exercicio33.csproj", "{197435BA-DC5F-47E0-B668-D0F5728DE71F}"
EndProject
Project("{FAE04EC0-301F-11D3-BF4B-00C04F79EFBC}") = "Exercicio34", "Exercicio34\Exercicio34.csproj", "{6DD05DE8-F609-4E2E-8F7D-EFDFE14978C3}"
EndProject
Project("{FAE04EC0-301F-11D3-BF4B-00C04F79EFBC}") = "Exercicio35", "Exercicio35\Exercicio35.csproj", "{E17BDDCF-051F-4479-8FB7-025FFEA701F3}"
EndProject
Project("{FAE04EC0-301F-11D3-BF4B-00C04F79EFBC}") = "Exercicio36", "Exercicio36\Exercicio36.csproj", "{3E2F7373-3943-44CE-9049-5474A21456B5}"
EndProject
Project("{FAE04EC0-301F-11D3-BF4B-00C04F79EFBC}") = "Exercicio37", "Exercicio37\Exercicio37.csproj", "{9EB2CD36-85B2-4B10-9B0C-CCE0488950E0}"
EndProject
Project("{FAE04EC0-301F-11D3-BF4B-00C04F79EFBC}") = "Exercicio38", "Exercicio38\Exercicio38.csproj", "{B3394C37-D707-4A05-9F14-107EFD01DE30}"
EndProject
Project("{FAE04EC0-301F-11D3-BF4B-00C04F79EFBC}") = "Exercicio39", "Exercicio39\Exercicio39.csproj", "{218CCC6A-A8BE-4D6A-8E0E-E6C07146324A}"
EndProject
Global
	GlobalSection(SolutionConfigurationPlatforms) = preSolution
		Debug|Any CPU = Debug|Any CPU
		Release|Any CPU = Release|Any CPU
	EndGlobalSection
	GlobalSection(ProjectConfigurationPlatforms) = postSolution
		{48A64412-7453-4D17-B02E-3F9201737F40}.Debug|Any CPU.ActiveCfg = Debug|Any CPU
		{48A64412-7453-4D17-B02E-3F9201737F40}.Debug|Any CPU.Build.0 = Debug|Any CPU
		{48A64412-7453-4D17-B02E-3F9201737F40}.Release|Any CPU.ActiveCfg = Release|Any CPU
		{48A64412-7453-4D17-B02E-3F9201737F40}.Release|Any CPU.Build.0 = Release|Any CPU
		{D6B61A48-F3FB-4456-8458-F22ADEF4BFCD}.Debug|Any CPU.ActiveCfg = Debug|Any CPU
		{D6B61A48-F3FB-4456-8458-F22ADEF4BFCD}.Debug|Any CPU.Build.0 = Debug|Any CPU
		{D6B61A48-F3FB-4456-8458-F22ADEF4BFCD}.Release|Any CPU.ActiveCfg = Release|Any CPU
		{D6B61A48-F3FB-4456-8458-F22ADEF4BFCD}.Release|Any CPU.Build.0 = Release|Any CPU
		{0AA91CB9-6A95-4FBE-8C92-2E10B49A13D7}.Debug|Any CPU.ActiveCfg = Debug|Any CPU
		{0AA91CB9-6A95-4FBE-8C92-2E10B49A13D7}.Debug|Any CPU.Build.0 = Debug|Any CPU
		{0AA91CB9-6A95-4FBE-8C92-2E10B49A13D7}.Release|Any CPU.ActiveCfg = Release|Any CPU
		{0AA91CB9-6A95-4FBE-8C92-2E10B49A13D7}.Release|Any CPU.Build.0 = Release|Any CPU
		{4C7BB4DF-CF28-4F6B-9D2D-816280F603D2}.Debug|Any CPU.ActiveCfg = Debug|Any CPU
		{4C7BB4DF-CF28-4F6B-9D2D-816280F603D2}.Debug|Any CPU.Build.0 = Debug|Any CPU
		{4C7BB4DF-CF28-4F6B-9D2D-816280F603D2}.Release|Any CPU.ActiveCfg = Release|Any CPU
		{4C7BB4DF-CF28-4F6B-9D2D-816280F603D2}.Release|Any CPU.Build.0 = Release|Any CPU
		{68419220-52A1-4637-860A-D69C1C2DA153}.Debug|Any CPU.ActiveCfg = Debug|Any CPU
		{68419220-52A1-4637-860A-D69C1C2DA153}.Debug|Any CPU.Build.0 = Debug|Any CPU
		{68419220-52A1-4637-860A-D69C1C2DA153}.Release|Any CPU.ActiveCfg = Release|Any CPU
		{68419220-52A1-4637-860A-D69C1C2DA153}.Release|Any CPU.Build.0 = Release|Any CPU
		{104FA1E5-E20A-49A2-8444-DC4020C8CF6C}.Debug|Any CPU.ActiveCfg = Debug|Any CPU
		{104FA1E5-E20A-49A2-8444-DC4020C8CF6C}.Debug|Any CPU.Build.0 = Debug|Any CPU
		{104FA1E5-E20A-49A2-8444-DC4020C8CF6C}.Release|Any CPU.ActiveCfg = Release|Any CPU
		{104FA1E5-E20A-49A2-8444-DC4020C8CF6C}.Release|Any CPU.Build.0 = Release|Any CPU
		{2F930A24-B7E9-46E7-8752-5B71A4636A6B}.Debug|Any CPU.ActiveCfg = Debug|Any CPU
		{2F930A24-B7E9-46E7-8752-5B71A4636A6B}.Debug|Any CPU.Build.0 = Debug|Any CPU
		{2F930A24-B7E9-46E7-8752-5B71A4636A6B}.Release|Any CPU.ActiveCfg = Release|Any CPU
		{2F930A24-B7E9-46E7-8752-5B71A4636A6B}.Release|Any CPU.Build.0 = Release|Any CPU
		{49F71ED0-C590-4A63-97BC-18A6B4B3968E}.Debug|Any CPU.ActiveCfg = Debug|Any CPU
		{49F71ED0-C590-4A63-97BC-18A6B4B3968E}.Debug|Any CPU.Build.0 = Debug|Any CPU
		{49F71ED0-C590-4A63-97BC-18A6B4B3968E}.Release|Any CPU.ActiveCfg = Release|Any CPU
		{49F71ED0-C590-4A63-97BC-18A6B4B3968E}.Release|Any CPU.Build.0 = Release|Any CPU
		{556BD30C-6D6F-4E2B-96AE-13E03E32698C}.Debug|Any CPU.ActiveCfg = Debug|Any CPU
		{556BD30C-6D6F-4E2B-96AE-13E03E32698C}.Debug|Any CPU.Build.0 = Debug|Any CPU
		{556BD30C-6D6F-4E2B-96AE-13E03E32698C}.Release|Any CPU.ActiveCfg = Release|Any CPU
		{556BD30C-6D6F-4E2B-96AE-13E03E32698C}.Release|Any CPU.Build.0 = Release|Any CPU
		{4FC06287-1498-445A-A738-66F8765AB956}.Debug|Any CPU.ActiveCfg = Debug|Any CPU
		{4FC06287-1498-445A-A738-66F8765AB956}.Debug|Any CPU.Build.0 = Debug|Any CPU
		{4FC06287-1498-445A-A738-66F8765AB956}.Release|Any CPU.ActiveCfg = Release|Any CPU
		{4FC06287-1498-445A-A738-66F8765AB956}.Release|Any CPU.Build.0 = Release|Any CPU
		{D61A5664-A324-4CCE-A9AC-A863BB76D84A}.Debug|Any CPU.ActiveCfg = Debug|Any CPU
		{D61A5664-A324-4CCE-A9AC-A863BB76D84A}.Debug|Any CPU.Build.0 = Debug|Any CPU
		{D61A5664-A324-4CCE-A9AC-A863BB76D84A}.Release|Any CPU.ActiveCfg = Release|Any CPU
		{D61A5664-A324-4CCE-A9AC-A863BB76D84A}.Release|Any CPU.Build.0 = Release|Any CPU
		{65CA767D-957D-4A9C-A897-4A0073A16119}.Debug|Any CPU.ActiveCfg = Debug|Any CPU
		{65CA767D-957D-4A9C-A897-4A0073A16119}.Debug|Any CPU.Build.0 = Debug|Any CPU
		{65CA767D-957D-4A9C-A897-4A0073A16119}.Release|Any CPU.ActiveCfg = Release|Any CPU
		{65CA767D-957D-4A9C-A897-4A0073A16119}.Release|Any CPU.Build.0 = Release|Any CPU
		{AF01C047-B5DD-4684-A4EB-769CE709F50A}.Debug|Any CPU.ActiveCfg = Debug|Any CPU
		{AF01C047-B5DD-4684-A4EB-769CE709F50A}.Debug|Any CPU.Build.0 = Debug|Any CPU
		{AF01C047-B5DD-4684-A4EB-769CE709F50A}.Release|Any CPU.ActiveCfg = Release|Any CPU
		{AF01C047-B5DD-4684-A4EB-769CE709F50A}.Release|Any CPU.Build.0 = Release|Any CPU
		{A5D0E3D3-0188-40B9-AC3D-357BE898852A}.Debug|Any CPU.ActiveCfg = Debug|Any CPU
		{A5D0E3D3-0188-40B9-AC3D-357BE898852A}.Debug|Any CPU.Build.0 = Debug|Any CPU
		{A5D0E3D3-0188-40B9-AC3D-357BE898852A}.Release|Any CPU.ActiveCfg = Release|Any CPU
		{A5D0E3D3-0188-40B9-AC3D-357BE898852A}.Release|Any CPU.Build.0 = Release|Any CPU
		{8ED06C7D-8E82-4805-AE3F-3B257E94D209}.Debug|Any CPU.ActiveCfg = Debug|Any CPU
		{8ED06C7D-8E82-4805-AE3F-3B257E94D209}.Debug|Any CPU.Build.0 = Debug|Any CPU
		{8ED06C7D-8E82-4805-AE3F-3B257E94D209}.Release|Any CPU.ActiveCfg = Release|Any CPU
		{8ED06C7D-8E82-4805-AE3F-3B257E94D209}.Release|Any CPU.Build.0 = Release|Any CPU
		{4A929915-A66D-4931-B15A-3B1B175535AF}.Debug|Any CPU.ActiveCfg = Debug|Any CPU
		{4A929915-A66D-4931-B15A-3B1B175535AF}.Debug|Any CPU.Build.0 = Debug|Any CPU
		{4A929915-A66D-4931-B15A-3B1B175535AF}.Release|Any CPU.ActiveCfg = Release|Any CPU
		{4A929915-A66D-4931-B15A-3B1B175535AF}.Release|Any CPU.Build.0 = Release|Any CPU
		{44858256-E995-4A51-BB3E-891153FBF2F1}.Debug|Any CPU.ActiveCfg = Debug|Any CPU
		{44858256-E995-4A51-BB3E-891153FBF2F1}.Debug|Any CPU.Build.0 = Debug|Any CPU
		{44858256-E995-4A51-BB3E-891153FBF2F1}.Release|Any CPU.ActiveCfg = Release|Any CPU
		{44858256-E995-4A51-BB3E-891153FBF2F1}.Release|Any CPU.Build.0 = Release|Any CPU
		{342D1672-DB76-41BA-BF1D-15C54CC2202B}.Debug|Any CPU.ActiveCfg = Debug|Any CPU
		{342D1672-DB76-41BA-BF1D-15C54CC2202B}.Debug|Any CPU.Build.0 = Debug|Any CPU
		{342D1672-DB76-41BA-BF1D-15C54CC2202B}.Release|Any CPU.ActiveCfg = Release|Any CPU
		{342D1672-DB76-41BA-BF1D-15C54CC2202B}.Release|Any CPU.Build.0 = Release|Any CPU
		{8F08F90F-4758-49D6-BA7B-58CC633503D1}.Debug|Any CPU.ActiveCfg = Debug|Any CPU
		{8F08F90F-4758-49D6-BA7B-58CC633503D1}.Debug|Any CPU.Build.0 = Debug|Any CPU
		{8F08F90F-4758-49D6-BA7B-58CC633503D1}.Release|Any CPU.ActiveCfg = Release|Any CPU
		{8F08F90F-4758-49D6-BA7B-58CC633503D1}.Release|Any CPU.Build.0 = Release|Any CPU
		{8AC0F81C-F2A9-4227-B836-CEB803A04CF6}.Debug|Any CPU.ActiveCfg = Debug|Any CPU
		{8AC0F81C-F2A9-4227-B836-CEB803A04CF6}.Debug|Any CPU.Build.0 = Debug|Any CPU
		{8AC0F81C-F2A9-4227-B836-CEB803A04CF6}.Release|Any CPU.ActiveCfg = Release|Any CPU
		{8AC0F81C-F2A9-4227-B836-CEB803A04CF6}.Release|Any CPU.Build.0 = Release|Any CPU
		{61CABDE6-C6B6-4406-A337-1130718D467A}.Debug|Any CPU.ActiveCfg = Debug|Any CPU
		{61CABDE6-C6B6-4406-A337-1130718D467A}.Debug|Any CPU.Build.0 = Debug|Any CPU
		{61CABDE6-C6B6-4406-A337-1130718D467A}.Release|Any CPU.ActiveCfg = Release|Any CPU
		{61CABDE6-C6B6-4406-A337-1130718D467A}.Release|Any CPU.Build.0 = Release|Any CPU
		{B1EC9738-D456-4D9B-95B8-2D1B830F3E23}.Debug|Any CPU.ActiveCfg = Debug|Any CPU
		{B1EC9738-D456-4D9B-95B8-2D1B830F3E23}.Debug|Any CPU.Build.0 = Debug|Any CPU
		{B1EC9738-D456-4D9B-95B8-2D1B830F3E23}.Release|Any CPU.ActiveCfg = Release|Any CPU
		{B1EC9738-D456-4D9B-95B8-2D1B830F3E23}.Release|Any CPU.Build.0 = Release|Any CPU
		{9DF13121-BF6C-43DD-8139-8FA12C19B94E}.Debug|Any CPU.ActiveCfg = Debug|Any CPU
		{9DF13121-BF6C-43DD-8139-8FA12C19B94E}.Debug|Any CPU.Build.0 = Debug|Any CPU
		{9DF13121-BF6C-43DD-8139-8FA12C19B94E}.Release|Any CPU.ActiveCfg = Release|Any CPU
		{9DF13121-BF6C-43DD-8139-8FA12C19B94E}.Release|Any CPU.Build.0 = Release|Any CPU
		{802547A2-ADBF-4E4E-9AEB-6A470700637F}.Debug|Any CPU.ActiveCfg = Debug|Any CPU
		{802547A2-ADBF-4E4E-9AEB-6A470700637F}.Debug|Any CPU.Build.0 = Debug|Any CPU
		{802547A2-ADBF-4E4E-9AEB-6A470700637F}.Release|Any CPU.ActiveCfg = Release|Any CPU
		{802547A2-ADBF-4E4E-9AEB-6A470700637F}.Release|Any CPU.Build.0 = Release|Any CPU
		{D518A227-14D8-4FDA-B472-47A8292238B3}.Debug|Any CPU.ActiveCfg = Debug|Any CPU
		{D518A227-14D8-4FDA-B472-47A8292238B3}.Debug|Any CPU.Build.0 = Debug|Any CPU
		{D518A227-14D8-4FDA-B472-47A8292238B3}.Release|Any CPU.ActiveCfg = Release|Any CPU
		{D518A227-14D8-4FDA-B472-47A8292238B3}.Release|Any CPU.Build.0 = Release|Any CPU
		{834504CA-79D1-480A-9ADE-82CFAC905FEA}.Debug|Any CPU.ActiveCfg = Debug|Any CPU
		{834504CA-79D1-480A-9ADE-82CFAC905FEA}.Debug|Any CPU.Build.0 = Debug|Any CPU
		{834504CA-79D1-480A-9ADE-82CFAC905FEA}.Release|Any CPU.ActiveCfg = Release|Any CPU
		{834504CA-79D1-480A-9ADE-82CFAC905FEA}.Release|Any CPU.Build.0 = Release|Any CPU
		{72263FBF-76DE-4E6C-90EC-16E09512A3A6}.Debug|Any CPU.ActiveCfg = Debug|Any CPU
		{72263FBF-76DE-4E6C-90EC-16E09512A3A6}.Debug|Any CPU.Build.0 = Debug|Any CPU
		{72263FBF-76DE-4E6C-90EC-16E09512A3A6}.Release|Any CPU.ActiveCfg = Release|Any CPU
		{72263FBF-76DE-4E6C-90EC-16E09512A3A6}.Release|Any CPU.Build.0 = Release|Any CPU
		{ACB986CA-02AD-41B4-876F-F9239F762292}.Debug|Any CPU.ActiveCfg = Debug|Any CPU
		{ACB986CA-02AD-41B4-876F-F9239F762292}.Debug|Any CPU.Build.0 = Debug|Any CPU
		{ACB986CA-02AD-41B4-876F-F9239F762292}.Release|Any CPU.ActiveCfg = Release|Any CPU
		{ACB986CA-02AD-41B4-876F-F9239F762292}.Release|Any CPU.Build.0 = Release|Any CPU
		{94228F5C-9BD1-4839-AAEF-E284FC5F09EA}.Debug|Any CPU.ActiveCfg = Debug|Any CPU
		{94228F5C-9BD1-4839-AAEF-E284FC5F09EA}.Debug|Any CPU.Build.0 = Debug|Any CPU
		{94228F5C-9BD1-4839-AAEF-E284FC5F09EA}.Release|Any CPU.ActiveCfg = Release|Any CPU
		{94228F5C-9BD1-4839-AAEF-E284FC5F09EA}.Release|Any CPU.Build.0 = Release|Any CPU
		{75699051-8C58-49A5-A91F-7AF8D80FC446}.Debug|Any CPU.ActiveCfg = Debug|Any CPU
		{75699051-8C58-49A5-A91F-7AF8D80FC446}.Debug|Any CPU.Build.0 = Debug|Any CPU
		{75699051-8C58-49A5-A91F-7AF8D80FC446}.Release|Any CPU.ActiveCfg = Release|Any CPU
		{75699051-8C58-49A5-A91F-7AF8D80FC446}.Release|Any CPU.Build.0 = Release|Any CPU
		{D3FDC432-804C-4B06-A0E0-D43ED7C337A3}.Debug|Any CPU.ActiveCfg = Debug|Any CPU
		{D3FDC432-804C-4B06-A0E0-D43ED7C337A3}.Debug|Any CPU.Build.0 = Debug|Any CPU
		{D3FDC432-804C-4B06-A0E0-D43ED7C337A3}.Release|Any CPU.ActiveCfg = Release|Any CPU
		{D3FDC432-804C-4B06-A0E0-D43ED7C337A3}.Release|Any CPU.Build.0 = Release|Any CPU
		{E59D1151-620B-4FC0-99B4-C66861BA5329}.Debug|Any CPU.ActiveCfg = Debug|Any CPU
		{E59D1151-620B-4FC0-99B4-C66861BA5329}.Debug|Any CPU.Build.0 = Debug|Any CPU
		{E59D1151-620B-4FC0-99B4-C66861BA5329}.Release|Any CPU.ActiveCfg = Release|Any CPU
		{E59D1151-620B-4FC0-99B4-C66861BA5329}.Release|Any CPU.Build.0 = Release|Any CPU
		{197435BA-DC5F-47E0-B668-D0F5728DE71F}.Debug|Any CPU.ActiveCfg = Debug|Any CPU
		{197435BA-DC5F-47E0-B668-D0F5728DE71F}.Debug|Any CPU.Build.0 = Debug|Any CPU
		{197435BA-DC5F-47E0-B668-D0F5728DE71F}.Release|Any CPU.ActiveCfg = Release|Any CPU
		{197435BA-DC5F-47E0-B668-D0F5728DE71F}.Release|Any CPU.Build.0 = Release|Any CPU
		{6DD05DE8-F609-4E2E-8F7D-EFDFE14978C3}.Debug|Any CPU.ActiveCfg = Debug|Any CPU
		{6DD05DE8-F609-4E2E-8F7D-EFDFE14978C3}.Debug|Any CPU.Build.0 = Debug|Any CPU
		{6DD05DE8-F609-4E2E-8F7D-EFDFE14978C3}.Release|Any CPU.ActiveCfg = Release|Any CPU
		{6DD05DE8-F609-4E2E-8F7D-EFDFE14978C3}.Release|Any CPU.Build.0 = Release|Any CPU
		{E17BDDCF-051F-4479-8FB7-025FFEA701F3}.Debug|Any CPU.ActiveCfg = Debug|Any CPU
		{E17BDDCF-051F-4479-8FB7-025FFEA701F3}.Debug|Any CPU.Build.0 = Debug|Any CPU
		{E17BDDCF-051F-4479-8FB7-025FFEA701F3}.Release|Any CPU.ActiveCfg = Release|Any CPU
		{E17BDDCF-051F-4479-8FB7-025FFEA701F3}.Release|Any CPU.Build.0 = Release|Any CPU
		{3E2F7373-3943-44CE-9049-5474A21456B5}.Debug|Any CPU.ActiveCfg = Debug|Any CPU
		{3E2F7373-3943-44CE-9049-5474A21456B5}.Debug|Any CPU.Build.0 = Debug|Any CPU
		{3E2F7373-3943-44CE-9049-5474A21456B5}.Release|Any CPU.ActiveCfg = Release|Any CPU
		{3E2F7373-3943-44CE-9049-5474A21456B5}.Release|Any CPU.Build.0 = Release|Any CPU
		{9EB2CD36-85B2-4B10-9B0C-CCE0488950E0}.Debug|Any CPU.ActiveCfg = Debug|Any CPU
		{9EB2CD36-85B2-4B10-9B0C-CCE0488950E0}.Debug|Any CPU.Build.0 = Debug|Any CPU
		{9EB2CD36-85B2-4B10-9B0C-CCE0488950E0}.Release|Any CPU.ActiveCfg = Release|Any CPU
		{9EB2CD36-85B2-4B10-9B0C-CCE0488950E0}.Release|Any CPU.Build.0 = Release|Any CPU
		{B3394C37-D707-4A05-9F14-107EFD01DE30}.Debug|Any CPU.ActiveCfg = Debug|Any CPU
		{B3394C37-D707-4A05-9F14-107EFD01DE30}.Debug|Any CPU.Build.0 = Debug|Any CPU
		{B3394C37-D707-4A05-9F14-107EFD01DE30}.Release|Any CPU.ActiveCfg = Release|Any CPU
		{B3394C37-D707-4A05-9F14-107EFD01DE30}.Release|Any CPU.Build.0 = Release|Any CPU
		{218CCC6A-A8BE-4D6A-8E0E-E6C07146324A}.Debug|Any CPU.ActiveCfg = Debug|Any CPU
		{218CCC6A-A8BE-4D6A-8E0E-E6C07146324A}.Debug|Any CPU.Build.0 = Debug|Any CPU
		{218CCC6A-A8BE-4D6A-8E0E-E6C07146324A}.Release|Any CPU.ActiveCfg = Release|Any CPU
		{218CCC6A-A8BE-4D6A-8E0E-E6C07146324A}.Release|Any CPU.Build.0 = Release|Any CPU
	EndGlobalSection
	GlobalSection(SolutionProperties) = preSolution
		HideSolutionNode = FALSE
	EndGlobalSection
	GlobalSection(ExtensibilityGlobals) = postSolution
		SolutionGuid = {B0667F98-E280-45A4-809B-0F94BCBB05D9}
	EndGlobalSection
EndGlobal
